<?xml version="1.0" encoding="utf-8"?>
<Project ToolsVersion="4.0" xmlns="http://schemas.microsoft.com/developer/msbuild/2003">
  <ItemGroup>
    <Filter Include="Source Files">
      <UniqueIdentifier>{01eef3e1-102c-43cf-9b8b-0e4d2c239cae}</UniqueIdentifier>
      <Extensions>cpp;c;cxx;rc;def;r;odl;idl;hpj;bat;for;f90</Extensions>
    </Filter>
    <Filter Include="Header Files">
      <UniqueIdentifier>{ff6a483e-0ef8-466b-a09c-6040e90684d5}</UniqueIdentifier>
      <Extensions>h;hpp;hxx;hm;inl;fi;fd</Extensions>
    </Filter>
    <Filter Include="Resource Files">
      <UniqueIdentifier>{82ff3441-8977-4d12-864d-e7903222816b}</UniqueIdentifier>
      <Extensions>ico;cur;bmp;dlg;rc2;rct;bin;cnt;rtf;gif;jpg;jpeg;jpe</Extensions>
    </Filter>
  </ItemGroup>
  <ItemGroup>
    <ClCompile Include="..\Goa\CEngine\darray.c">
      <Filter>Source Files</Filter>
    </ClCompile>
    <ClCompile Include="..\Goa\CEngine\gserver.c">
      <Filter>Source Files</Filter>
    </ClCompile>
    <ClCompile Include="..\Goa\CEngine\gserverlist.c">
      <Filter>Source Files</Filter>
    </ClCompile>
    <ClCompile Include="..\Goa\CEngine\gutil.c">
      <Filter>Source Files</Filter>
    </ClCompile>
    <ClCompile Include="..\Goa\CEngine\hashtable.c">
      <Filter>Source Files</Filter>
    </ClCompile>
    <ClCompile Include="..\Goa\nonport.c">
      <Filter>Source Files</Filter>
    </ClCompile>
  </ItemGroup>
  <ItemGroup>
    <None Include="..\Goa\gamespy.def">
      <Filter>Source Files</Filter>
    </None>
  </ItemGroup>
  <ItemGroup>
    <ClInclude Include="..\Goa\CEngine\darray.h">
      <Filter>Header Files</Filter>
    </ClInclude>
    <ClInclude Include="..\Goa\CEngine\goaceng.h">
      <Filter>Header Files</Filter>
    </ClInclude>
    <ClInclude Include="..\Goa\CEngine\gserver.h">
      <Filter>Header Files</Filter>
    </ClInclude>
    <ClInclude Include="..\Goa\gspy.h">
      <Filter>Header Files</Filter>
    </ClInclude>
    <ClInclude Include="..\Goa\CEngine\gutil.h">
      <Filter>Header Files</Filter>
    </ClInclude>
    <ClInclude Include="..\Goa\CEngine\hashtable.h">
      <Filter>Header Files</Filter>
    </ClInclude>
    <ClInclude Include="..\Goa\nonport.h">
      <Filter>Header Files</Filter>
    </ClInclude>
  </ItemGroup>
</Project>