<?xml version="1.0" encoding="utf-8"?>
<Project ToolsVersion="4.0" xmlns="http://schemas.microsoft.com/developer/msbuild/2003">
  <ItemGroup>
    <Filter Include="Source Files">
      <UniqueIdentifier>{a89f51cf-5021-4d36-bc40-f20f4ac3dc81}</UniqueIdentifier>
      <Extensions>cpp;c;cxx;rc;def;r;odl;hpj;bat;for;f90</Extensions>
    </Filter>
    <Filter Include="Resource Files">
      <UniqueIdentifier>{9a547f3f-ec1d-4fe7-99f7-3d5050ef2704}</UniqueIdentifier>
      <Extensions>ico;cur;bmp;dlg;rc2;rct;bin;cnt;rtf;gif;jpg;jpeg;jpe</Extensions>
    </Filter>
    <Filter Include="Header Files">
      <UniqueIdentifier>{07bacaed-1a27-4b06-9fa2-47a0337662b6}</UniqueIdentifier>
      <Extensions>h;hpp;hxx;hm;inl;fi;fd</Extensions>
    </Filter>
  </ItemGroup>
  <ItemGroup>
    <ClCompile Include="..\ref_gl\gl_draw.c">
      <Filter>Source Files</Filter>
    </ClCompile>
    <ClCompile Include="..\ref_gl\gl_image.c">
      <Filter>Source Files</Filter>
    </ClCompile>
    <ClCompile Include="..\ref_gl\gl_light.c">
      <Filter>Source Files</Filter>
    </ClCompile>
    <ClCompile Include="..\ref_gl\gl_mesh.c">
      <Filter>Source Files</Filter>
    </ClCompile>
    <ClCompile Include="..\ref_gl\gl_model.c">
      <Filter>Source Files</Filter>
    </ClCompile>
    <ClCompile Include="..\ref_gl\gl_rmain.c">
      <Filter>Source Files</Filter>
    </ClCompile>
    <ClCompile Include="..\ref_gl\gl_rmisc.c">
      <Filter>Source Files</Filter>
    </ClCompile>
    <ClCompile Include="..\ref_gl\gl_rsurf.c">
      <Filter>Source Files</Filter>
    </ClCompile>
    <ClCompile Include="..\ref_gl\gl_warp.c">
      <Filter>Source Files</Filter>
    </ClCompile>
    <ClCompile Include="..\win32\glw_imp.c">
      <Filter>Source Files</Filter>
    </ClCompile>
    <ClCompile Include="..\game\q_shared.c">
      <Filter>Source Files</Filter>
    </ClCompile>
    <ClCompile Include="..\win32\q_shwin.c">
      <Filter>Source Files</Filter>
    </ClCompile>
    <ClCompile Include="..\win32\qgl_win.c">
      <Filter>Source Files</Filter>
    </ClCompile>
  </ItemGroup>
  <ItemGroup>
    <None Include="..\ref_gl\ref_gl.def">
      <Filter>Resource Files</Filter>
    </None>
  </ItemGroup>
</Project>